// !$*UTF8*$!
{
	archiveVersion = 1;
	classes = {
	};
	objectVersion = 46;
	objects = {

/* Begin PBXBuildFile section */
		53D49D3923F6C4DA00B689DC /* libclangToolingInclusions.a in Frameworks */ = {isa = PBXBuildFile; fileRef = 53D49D3823F6C4AF00B689DC /* libclangToolingInclusions.a */; };
		53D49D3F23F6C6D500B689DC /* libLLVMBinaryFormat.a in Frameworks */ = {isa = PBXBuildFile; fileRef = 53D49D3E23F6C6D500B689DC /* libLLVMBinaryFormat.a */; };
		53D49D4123F6C75500B689DC /* libLLVMRemarks.a in Frameworks */ = {isa = PBXBuildFile; fileRef = 53D49D4023F6C75500B689DC /* libLLVMRemarks.a */; };
		53D49D4323F6C77B00B689DC /* libLLVMDemangle.a in Frameworks */ = {isa = PBXBuildFile; fileRef = 53D49D4223F6C77B00B689DC /* libLLVMDemangle.a */; };
		559B23E31D7EBDA300937AB3 /* AppDelegate.m in Sources */ = {isa = PBXBuildFile; fileRef = 559B23E21D7EBDA300937AB3 /* AppDelegate.m */; };
		559B23E61D7EBDA300937AB3 /* main.m in Sources */ = {isa = PBXBuildFile; fileRef = 559B23E51D7EBDA300937AB3 /* main.m */; };
		559B23E81D7EBDA300937AB3 /* Assets.xcassets in Resources */ = {isa = PBXBuildFile; fileRef = 559B23E71D7EBDA300937AB3 /* Assets.xcassets */; };
		559B23EB1D7EBDA300937AB3 /* MainMenu.xib in Resources */ = {isa = PBXBuildFile; fileRef = 559B23E91D7EBDA300937AB3 /* MainMenu.xib */; };
		559B24101D7EBDC400937AB3 /* Cocoa.framework in Frameworks */ = {isa = PBXBuildFile; fileRef = 559B23F81D7EBDB700937AB3 /* Cocoa.framework */; };
		559B24161D7EBDC400937AB3 /* ClangFormatExtension.m in Sources */ = {isa = PBXBuildFile; fileRef = 559B24151D7EBDC400937AB3 /* ClangFormatExtension.m */; };
		559B24191D7EBDC400937AB3 /* ClangFormatSelectionCommand.mm in Sources */ = {isa = PBXBuildFile; fileRef = 559B24181D7EBDC400937AB3 /* ClangFormatSelectionCommand.mm */; };
		559B241D1D7EBDC400937AB3 /* clang-format.appex in Embed App Extensions */ = {isa = PBXBuildFile; fileRef = 559B240F1D7EBDC400937AB3 /* clang-format.appex */; settings = {ATTRIBUTES = (RemoveHeadersOnCopy, ); }; };
		55BCFFFA1D80170F000EDB05 /* libcurses.tbd in Frameworks */ = {isa = PBXBuildFile; fileRef = 557D38B71D7F270E00708269 /* libcurses.tbd */; };
		B913A90D2260C88E00AF6F06 /* ClangFormat.m in Sources */ = {isa = PBXBuildFile; fileRef = B913A90C2260C88E00AF6F06 /* ClangFormat.m */; };
		B9C1386E226076060045AF0F /* ClangFormatFileCommand.mm in Sources */ = {isa = PBXBuildFile; fileRef = B9C1386D226076060045AF0F /* ClangFormatFileCommand.mm */; };
		B9C13871226078F40045AF0F /* FormatHelper.mm in Sources */ = {isa = PBXBuildFile; fileRef = B9C13870226078F40045AF0F /* FormatHelper.mm */; };
/* End PBXBuildFile section */

/* Begin PBXContainerItemProxy section */
		559B241B1D7EBDC400937AB3 /* PBXContainerItemProxy */ = {
			isa = PBXContainerItemProxy;
			containerPortal = 559B23D61D7EBDA300937AB3 /* Project object */;
			proxyType = 1;
			remoteGlobalIDString = 559B240E1D7EBDC400937AB3;
			remoteInfo = "clang-format";
		};
/* End PBXContainerItemProxy section */

/* Begin PBXCopyFilesBuildPhase section */
		559B240A1D7EBDB700937AB3 /* Embed App Extensions */ = {
			isa = PBXCopyFilesBuildPhase;
			buildActionMask = 2147483647;
			dstPath = "";
			dstSubfolderSpec = 13;
			files = (
				559B241D1D7EBDC400937AB3 /* clang-format.appex in Embed App Extensions */,
			);
			name = "Embed App Extensions";
			runOnlyForDeploymentPostprocessing = 0;
		};
/* End PBXCopyFilesBuildPhase section */

/* Begin PBXFileReference section */
		5322DA8223F6BFEB008C0130 /* lib */ = {isa = PBXFileReference; lastKnownFileType = folder; name = lib; path = "deps/clang-9.0.0/lib"; sourceTree = "<group>"; };
		53D49D3623F6C17C00B689DC /* HeaderIncludes.h */ = {isa = PBXFileReference; lastKnownFileType = sourcecode.c.h; name = HeaderIncludes.h; path = "deps/clang-9.0.0/include/clang/Tooling/Inclusions/HeaderIncludes.h"; sourceTree = "<group>"; };
		53D49D3823F6C4AF00B689DC /* libclangToolingInclusions.a */ = {isa = PBXFileReference; lastKnownFileType = archive.ar; name = libclangToolingInclusions.a; path = "deps/clang-9.0.0/lib/libclangToolingInclusions.a"; sourceTree = "<group>"; };
		53D49D3A23F6C52100B689DC /* libRemarks.dylib */ = {isa = PBXFileReference; lastKnownFileType = "compiled.mach-o.dylib"; name = libRemarks.dylib; path = "deps/clang-9.0.0/lib/libRemarks.dylib"; sourceTree = "<group>"; };
		53D49D3C23F6C62700B689DC /* Dwarf.h */ = {isa = PBXFileReference; lastKnownFileType = sourcecode.c.h; name = Dwarf.h; path = "deps/clang-9.0.0/include/llvm/BinaryFormat/Dwarf.h"; sourceTree = "<group>"; };
		53D49D3E23F6C6D500B689DC /* libLLVMBinaryFormat.a */ = {isa = PBXFileReference; lastKnownFileType = archive.ar; name = libLLVMBinaryFormat.a; path = "deps/clang-9.0.0/lib/libLLVMBinaryFormat.a"; sourceTree = "<group>"; };
		53D49D4023F6C75500B689DC /* libLLVMRemarks.a */ = {isa = PBXFileReference; lastKnownFileType = archive.ar; name = libLLVMRemarks.a; path = "deps/clang-9.0.0/lib/libLLVMRemarks.a"; sourceTree = "<group>"; };
		53D49D4223F6C77B00B689DC /* libLLVMDemangle.a */ = {isa = PBXFileReference; lastKnownFileType = archive.ar; name = libLLVMDemangle.a; path = "deps/clang-9.0.0/lib/libLLVMDemangle.a"; sourceTree = "<group>"; };
		556DCDEF1D7EF694005956C8 /* XcodeClangFormat.entitlements */ = {isa = PBXFileReference; lastKnownFileType = text.plist.entitlements; path = XcodeClangFormat.entitlements; sourceTree = "<group>"; };
		557D38B71D7F270E00708269 /* libcurses.tbd */ = {isa = PBXFileReference; lastKnownFileType = "sourcecode.text-based-dylib-definition"; name = libcurses.tbd; path = usr/lib/libcurses.tbd; sourceTree = SDKROOT; };
		559B23DE1D7EBDA300937AB3 /* XcodeClangFormat.app */ = {isa = PBXFileReference; explicitFileType = wrapper.application; includeInIndex = 0; path = XcodeClangFormat.app; sourceTree = BUILT_PRODUCTS_DIR; };
		559B23E11D7EBDA300937AB3 /* AppDelegate.h */ = {isa = PBXFileReference; lastKnownFileType = sourcecode.c.h; path = AppDelegate.h; sourceTree = "<group>"; };
		559B23E21D7EBDA300937AB3 /* AppDelegate.m */ = {isa = PBXFileReference; lastKnownFileType = sourcecode.c.objc; path = AppDelegate.m; sourceTree = "<group>"; };
		559B23E51D7EBDA300937AB3 /* main.m */ = {isa = PBXFileReference; lastKnownFileType = sourcecode.c.objc; path = main.m; sourceTree = "<group>"; };
		559B23E71D7EBDA300937AB3 /* Assets.xcassets */ = {isa = PBXFileReference; lastKnownFileType = folder.assetcatalog; path = Assets.xcassets; sourceTree = "<group>"; };
		559B23EA1D7EBDA300937AB3 /* Base */ = {isa = PBXFileReference; lastKnownFileType = file.xib; name = Base; path = Base.lproj/MainMenu.xib; sourceTree = "<group>"; };
		559B23EC1D7EBDA300937AB3 /* Info.plist */ = {isa = PBXFileReference; lastKnownFileType = text.plist.xml; path = Info.plist; sourceTree = "<group>"; };
		559B23F81D7EBDB700937AB3 /* Cocoa.framework */ = {isa = PBXFileReference; lastKnownFileType = wrapper.framework; name = Cocoa.framework; path = System/Library/Frameworks/Cocoa.framework; sourceTree = SDKROOT; };
		559B240F1D7EBDC400937AB3 /* clang-format.appex */ = {isa = PBXFileReference; explicitFileType = "wrapper.app-extension"; includeInIndex = 0; path = "clang-format.appex"; sourceTree = BUILT_PRODUCTS_DIR; };
		559B24131D7EBDC400937AB3 /* clang_format.entitlements */ = {isa = PBXFileReference; lastKnownFileType = text.plist.entitlements; path = clang_format.entitlements; sourceTree = "<group>"; };
		559B24141D7EBDC400937AB3 /* ClangFormatExtension.h */ = {isa = PBXFileReference; lastKnownFileType = sourcecode.c.h; path = ClangFormatExtension.h; sourceTree = "<group>"; };
		559B24151D7EBDC400937AB3 /* ClangFormatExtension.m */ = {isa = PBXFileReference; lastKnownFileType = sourcecode.c.objc; path = ClangFormatExtension.m; sourceTree = "<group>"; };
		559B24171D7EBDC400937AB3 /* ClangFormatSelectionCommand.h */ = {isa = PBXFileReference; lastKnownFileType = sourcecode.c.h; path = ClangFormatSelectionCommand.h; sourceTree = "<group>"; };
		559B24181D7EBDC400937AB3 /* ClangFormatSelectionCommand.mm */ = {isa = PBXFileReference; lastKnownFileType = sourcecode.cpp.objcpp; path = ClangFormatSelectionCommand.mm; sourceTree = "<group>"; };
		559B241A1D7EBDC400937AB3 /* Info.plist */ = {isa = PBXFileReference; lastKnownFileType = text.plist.xml; path = Info.plist; sourceTree = "<group>"; };
		55BCFFF71D801362000EDB05 /* config.xcconfig */ = {isa = PBXFileReference; fileEncoding = 4; lastKnownFileType = text.xcconfig; path = config.xcconfig; sourceTree = "<group>"; };
		55C8203F1D87F81300006D07 /* LICENSE.md */ = {isa = PBXFileReference; lastKnownFileType = net.daringfireball.markdown; path = LICENSE.md; sourceTree = "<group>"; };
		B913A90B2260C88E00AF6F06 /* ClangFormat.h */ = {isa = PBXFileReference; lastKnownFileType = sourcecode.c.h; path = ClangFormat.h; sourceTree = "<group>"; };
		B913A90C2260C88E00AF6F06 /* ClangFormat.m */ = {isa = PBXFileReference; lastKnownFileType = sourcecode.c.objc; path = ClangFormat.m; sourceTree = "<group>"; };
		B9C1386C226076060045AF0F /* ClangFormatFileCommand.h */ = {isa = PBXFileReference; lastKnownFileType = sourcecode.c.h; path = ClangFormatFileCommand.h; sourceTree = "<group>"; };
		B9C1386D226076060045AF0F /* ClangFormatFileCommand.mm */ = {isa = PBXFileReference; lastKnownFileType = sourcecode.cpp.objcpp; path = ClangFormatFileCommand.mm; sourceTree = "<group>"; };
		B9C1386F2260788A0045AF0F /* FormatHelper.h */ = {isa = PBXFileReference; lastKnownFileType = sourcecode.c.h; path = FormatHelper.h; sourceTree = "<group>"; };
		B9C13870226078F40045AF0F /* FormatHelper.mm */ = {isa = PBXFileReference; lastKnownFileType = sourcecode.cpp.objcpp; path = FormatHelper.mm; sourceTree = "<group>"; };
/* End PBXFileReference section */

/* Begin PBXFrameworksBuildPhase section */
		559B23DB1D7EBDA300937AB3 /* Frameworks */ = {
			isa = PBXFrameworksBuildPhase;
			buildActionMask = 2147483647;
			files = (
			);
			runOnlyForDeploymentPostprocessing = 0;
		};
		559B240C1D7EBDC400937AB3 /* Frameworks */ = {
			isa = PBXFrameworksBuildPhase;
			buildActionMask = 2147483647;
			files = (
				53D49D4323F6C77B00B689DC /* libLLVMDemangle.a in Frameworks */,
				53D49D4123F6C75500B689DC /* libLLVMRemarks.a in Frameworks */,
				53D49D3F23F6C6D500B689DC /* libLLVMBinaryFormat.a in Frameworks */,
				53D49D3923F6C4DA00B689DC /* libclangToolingInclusions.a in Frameworks */,
				55BCFFFA1D80170F000EDB05 /* libcurses.tbd in Frameworks */,
				559B24101D7EBDC400937AB3 /* Cocoa.framework in Frameworks */,
			);
			runOnlyForDeploymentPostprocessing = 0;
		};
/* End PBXFrameworksBuildPhase section */

/* Begin PBXGroup section */
		559B23D51D7EBDA300937AB3 = {
			isa = PBXGroup;
			children = (
				53D49D3623F6C17C00B689DC /* HeaderIncludes.h */,
				55BCFFF71D801362000EDB05 /* config.xcconfig */,
				55C8203F1D87F81300006D07 /* LICENSE.md */,
				559B23E01D7EBDA300937AB3 /* XcodeClangFormat */,
				559B24111D7EBDC400937AB3 /* clang-format */,
				559B23F71D7EBDB700937AB3 /* Frameworks */,
				559B23DF1D7EBDA300937AB3 /* Products */,
			);
			sourceTree = "<group>";
		};
		559B23DF1D7EBDA300937AB3 /* Products */ = {
			isa = PBXGroup;
			children = (
				559B23DE1D7EBDA300937AB3 /* XcodeClangFormat.app */,
				559B240F1D7EBDC400937AB3 /* clang-format.appex */,
			);
			name = Products;
			sourceTree = "<group>";
		};
		559B23E01D7EBDA300937AB3 /* XcodeClangFormat */ = {
			isa = PBXGroup;
			children = (
				556DCDEF1D7EF694005956C8 /* XcodeClangFormat.entitlements */,
				559B23E11D7EBDA300937AB3 /* AppDelegate.h */,
				559B23E21D7EBDA300937AB3 /* AppDelegate.m */,
				559B23E71D7EBDA300937AB3 /* Assets.xcassets */,
				559B23E91D7EBDA300937AB3 /* MainMenu.xib */,
				559B23EC1D7EBDA300937AB3 /* Info.plist */,
				559B23E41D7EBDA300937AB3 /* Supporting Files */,
			);
			path = XcodeClangFormat;
			sourceTree = "<group>";
		};
		559B23E41D7EBDA300937AB3 /* Supporting Files */ = {
			isa = PBXGroup;
			children = (
				559B23E51D7EBDA300937AB3 /* main.m */,
			);
			name = "Supporting Files";
			sourceTree = "<group>";
		};
		559B23F71D7EBDB700937AB3 /* Frameworks */ = {
			isa = PBXGroup;
			children = (
				53D49D4223F6C77B00B689DC /* libLLVMDemangle.a */,
				53D49D4023F6C75500B689DC /* libLLVMRemarks.a */,
				53D49D3E23F6C6D500B689DC /* libLLVMBinaryFormat.a */,
				53D49D3C23F6C62700B689DC /* Dwarf.h */,
				53D49D3A23F6C52100B689DC /* libRemarks.dylib */,
				53D49D3823F6C4AF00B689DC /* libclangToolingInclusions.a */,
				5322DA8223F6BFEB008C0130 /* lib */,
				557D38B71D7F270E00708269 /* libcurses.tbd */,
				559B23F81D7EBDB700937AB3 /* Cocoa.framework */,
			);
			name = Frameworks;
			sourceTree = "<group>";
		};
		559B24111D7EBDC400937AB3 /* clang-format */ = {
			isa = PBXGroup;
			children = (
				559B24141D7EBDC400937AB3 /* ClangFormatExtension.h */,
				559B24151D7EBDC400937AB3 /* ClangFormatExtension.m */,
				B9C1386F2260788A0045AF0F /* FormatHelper.h */,
				B9C13870226078F40045AF0F /* FormatHelper.mm */,
				B913A90B2260C88E00AF6F06 /* ClangFormat.h */,
				B913A90C2260C88E00AF6F06 /* ClangFormat.m */,
				B9C1386C226076060045AF0F /* ClangFormatFileCommand.h */,
				B9C1386D226076060045AF0F /* ClangFormatFileCommand.mm */,
				559B24171D7EBDC400937AB3 /* ClangFormatSelectionCommand.h */,
				559B24181D7EBDC400937AB3 /* ClangFormatSelectionCommand.mm */,
				559B241A1D7EBDC400937AB3 /* Info.plist */,
				559B24121D7EBDC400937AB3 /* Supporting Files */,
			);
			path = "clang-format";
			sourceTree = "<group>";
		};
		559B24121D7EBDC400937AB3 /* Supporting Files */ = {
			isa = PBXGroup;
			children = (
				559B24131D7EBDC400937AB3 /* clang_format.entitlements */,
			);
			name = "Supporting Files";
			sourceTree = "<group>";
		};
/* End PBXGroup section */

/* Begin PBXNativeTarget section */
		559B23DD1D7EBDA300937AB3 /* XcodeClangFormat */ = {
			isa = PBXNativeTarget;
			buildConfigurationList = 559B23EF1D7EBDA300937AB3 /* Build configuration list for PBXNativeTarget "XcodeClangFormat" */;
			buildPhases = (
				559B23DA1D7EBDA300937AB3 /* Sources */,
				559B23DB1D7EBDA300937AB3 /* Frameworks */,
				559B23DC1D7EBDA300937AB3 /* Resources */,
				559B240A1D7EBDB700937AB3 /* Embed App Extensions */,
			);
			buildRules = (
			);
			dependencies = (
				559B241C1D7EBDC400937AB3 /* PBXTargetDependency */,
			);
			name = XcodeClangFormat;
			productName = XcodeClangFormat;
			productReference = 559B23DE1D7EBDA300937AB3 /* XcodeClangFormat.app */;
			productType = "com.apple.product-type.application";
		};
		559B240E1D7EBDC400937AB3 /* clang-format */ = {
			isa = PBXNativeTarget;
			buildConfigurationList = 559B241E1D7EBDC400937AB3 /* Build configuration list for PBXNativeTarget "clang-format" */;
			buildPhases = (
				559B240B1D7EBDC400937AB3 /* Sources */,
				559B240C1D7EBDC400937AB3 /* Frameworks */,
				559B240D1D7EBDC400937AB3 /* Resources */,
			);
			buildRules = (
			);
			dependencies = (
			);
			name = "clang-format";
			productName = "clang-format";
			productReference = 559B240F1D7EBDC400937AB3 /* clang-format.appex */;
			productType = "com.apple.product-type.xcode-extension";
		};
/* End PBXNativeTarget section */

/* Begin PBXProject section */
		559B23D61D7EBDA300937AB3 /* Project object */ = {
			isa = PBXProject;
			attributes = {
				LastUpgradeCheck = 1010;
				ORGANIZATIONNAME = Mapbox;
				TargetAttributes = {
					559B23DD1D7EBDA300937AB3 = {
						CreatedOnToolsVersion = 8.0;
						ProvisioningStyle = Automatic;
						SystemCapabilities = {
							com.apple.ApplicationGroups.Mac = {
								enabled = 1;
							};
							com.apple.Sandbox = {
								enabled = 1;
							};
						};
					};
					559B240E1D7EBDC400937AB3 = {
						CreatedOnToolsVersion = 8.0;
						ProvisioningStyle = Automatic;
						SystemCapabilities = {
							com.apple.ApplicationGroups.Mac = {
								enabled = 1;
							};
						};
					};
				};
			};
			buildConfigurationList = 559B23D91D7EBDA300937AB3 /* Build configuration list for PBXProject "XcodeClangFormat" */;
			compatibilityVersion = "Xcode 3.2";
			developmentRegion = English;
			hasScannedForEncodings = 0;
			knownRegions = (
				English,
				en,
				Base,
			);
			mainGroup = 559B23D51D7EBDA300937AB3;
			productRefGroup = 559B23DF1D7EBDA300937AB3 /* Products */;
			projectDirPath = "";
			projectRoot = "";
			targets = (
				559B23DD1D7EBDA300937AB3 /* XcodeClangFormat */,
				559B240E1D7EBDC400937AB3 /* clang-format */,
			);
		};
/* End PBXProject section */

/* Begin PBXResourcesBuildPhase section */
		559B23DC1D7EBDA300937AB3 /* Resources */ = {
			isa = PBXResourcesBuildPhase;
			buildActionMask = 2147483647;
			files = (
				559B23E81D7EBDA300937AB3 /* Assets.xcassets in Resources */,
				559B23EB1D7EBDA300937AB3 /* MainMenu.xib in Resources */,
			);
			runOnlyForDeploymentPostprocessing = 0;
		};
		559B240D1D7EBDC400937AB3 /* Resources */ = {
			isa = PBXResourcesBuildPhase;
			buildActionMask = 2147483647;
			files = (
			);
			runOnlyForDeploymentPostprocessing = 0;
		};
/* End PBXResourcesBuildPhase section */

/* Begin PBXSourcesBuildPhase section */
		559B23DA1D7EBDA300937AB3 /* Sources */ = {
			isa = PBXSourcesBuildPhase;
			buildActionMask = 2147483647;
			files = (
				559B23E61D7EBDA300937AB3 /* main.m in Sources */,
				559B23E31D7EBDA300937AB3 /* AppDelegate.m in Sources */,
			);
			runOnlyForDeploymentPostprocessing = 0;
		};
		559B240B1D7EBDC400937AB3 /* Sources */ = {
			isa = PBXSourcesBuildPhase;
			buildActionMask = 2147483647;
			files = (
				B9C1386E226076060045AF0F /* ClangFormatFileCommand.mm in Sources */,
				B913A90D2260C88E00AF6F06 /* ClangFormat.m in Sources */,
				559B24161D7EBDC400937AB3 /* ClangFormatExtension.m in Sources */,
				B9C13871226078F40045AF0F /* FormatHelper.mm in Sources */,
				559B24191D7EBDC400937AB3 /* ClangFormatSelectionCommand.mm in Sources */,
			);
			runOnlyForDeploymentPostprocessing = 0;
		};
/* End PBXSourcesBuildPhase section */

/* Begin PBXTargetDependency section */
		559B241C1D7EBDC400937AB3 /* PBXTargetDependency */ = {
			isa = PBXTargetDependency;
			target = 559B240E1D7EBDC400937AB3 /* clang-format */;
			targetProxy = 559B241B1D7EBDC400937AB3 /* PBXContainerItemProxy */;
		};
/* End PBXTargetDependency section */

/* Begin PBXVariantGroup section */
		559B23E91D7EBDA300937AB3 /* MainMenu.xib */ = {
			isa = PBXVariantGroup;
			children = (
				559B23EA1D7EBDA300937AB3 /* Base */,
			);
			name = MainMenu.xib;
			sourceTree = "<group>";
		};
/* End PBXVariantGroup section */

/* Begin XCBuildConfiguration section */
		559B23ED1D7EBDA300937AB3 /* Debug */ = {
			isa = XCBuildConfiguration;
			buildSettings = {
				ALWAYS_SEARCH_USER_PATHS = NO;
				CLANG_ANALYZER_NONNULL = YES;
				CLANG_CXX_LANGUAGE_STANDARD = "gnu++0x";
				CLANG_CXX_LIBRARY = "libc++";
				CLANG_ENABLE_MODULES = YES;
				CLANG_ENABLE_OBJC_ARC = YES;
				CLANG_WARN_BLOCK_CAPTURE_AUTORELEASING = YES;
				CLANG_WARN_BOOL_CONVERSION = YES;
				CLANG_WARN_COMMA = YES;
				CLANG_WARN_CONSTANT_CONVERSION = YES;
				CLANG_WARN_DEPRECATED_OBJC_IMPLEMENTATIONS = YES;
				CLANG_WARN_DIRECT_OBJC_ISA_USAGE = YES_ERROR;
				CLANG_WARN_DOCUMENTATION_COMMENTS = YES;
				CLANG_WARN_EMPTY_BODY = YES;
				CLANG_WARN_ENUM_CONVERSION = YES;
				CLANG_WARN_INFINITE_RECURSION = YES;
				CLANG_WARN_INT_CONVERSION = YES;
				CLANG_WARN_NON_LITERAL_NULL_CONVERSION = YES;
				CLANG_WARN_OBJC_IMPLICIT_RETAIN_SELF = YES;
				CLANG_WARN_OBJC_LITERAL_CONVERSION = YES;
				CLANG_WARN_OBJC_ROOT_CLASS = YES_ERROR;
				CLANG_WARN_RANGE_LOOP_ANALYSIS = YES;
				CLANG_WARN_STRICT_PROTOTYPES = YES;
				CLANG_WARN_SUSPICIOUS_MOVE = YES;
				CLANG_WARN_SUSPICIOUS_MOVES = YES;
				CLANG_WARN_UNREACHABLE_CODE = YES;
				CLANG_WARN__DUPLICATE_METHOD_MATCH = YES;
				CODE_SIGN_IDENTITY = "-";
				COPY_PHASE_STRIP = NO;
				DEBUG_INFORMATION_FORMAT = dwarf;
				ENABLE_STRICT_OBJC_MSGSEND = YES;
				ENABLE_TESTABILITY = YES;
				GCC_C_LANGUAGE_STANDARD = gnu99;
				GCC_DYNAMIC_NO_PIC = NO;
				GCC_NO_COMMON_BLOCKS = YES;
				GCC_OPTIMIZATION_LEVEL = 0;
				GCC_PREPROCESSOR_DEFINITIONS = (
					"DEBUG=1",
					"$(inherited)",
				);
				GCC_WARN_64_TO_32_BIT_CONVERSION = YES;
				GCC_WARN_ABOUT_RETURN_TYPE = YES_ERROR;
				GCC_WARN_UNDECLARED_SELECTOR = YES;
				GCC_WARN_UNINITIALIZED_AUTOS = YES_AGGRESSIVE;
				GCC_WARN_UNUSED_FUNCTION = YES;
				GCC_WARN_UNUSED_VARIABLE = YES;
				MACOSX_DEPLOYMENT_TARGET = 10.11;
				MTL_ENABLE_DEBUG_INFO = YES;
				ONLY_ACTIVE_ARCH = YES;
				SDKROOT = macosx;
			};
			name = Debug;
		};
		559B23EE1D7EBDA300937AB3 /* Release */ = {
			isa = XCBuildConfiguration;
			buildSettings = {
				ALWAYS_SEARCH_USER_PATHS = NO;
				CLANG_ANALYZER_NONNULL = YES;
				CLANG_CXX_LANGUAGE_STANDARD = "gnu++0x";
				CLANG_CXX_LIBRARY = "libc++";
				CLANG_ENABLE_MODULES = YES;
				CLANG_ENABLE_OBJC_ARC = YES;
				CLANG_WARN_BLOCK_CAPTURE_AUTORELEASING = YES;
				CLANG_WARN_BOOL_CONVERSION = YES;
				CLANG_WARN_COMMA = YES;
				CLANG_WARN_CONSTANT_CONVERSION = YES;
				CLANG_WARN_DEPRECATED_OBJC_IMPLEMENTATIONS = YES;
				CLANG_WARN_DIRECT_OBJC_ISA_USAGE = YES_ERROR;
				CLANG_WARN_DOCUMENTATION_COMMENTS = YES;
				CLANG_WARN_EMPTY_BODY = YES;
				CLANG_WARN_ENUM_CONVERSION = YES;
				CLANG_WARN_INFINITE_RECURSION = YES;
				CLANG_WARN_INT_CONVERSION = YES;
				CLANG_WARN_NON_LITERAL_NULL_CONVERSION = YES;
				CLANG_WARN_OBJC_IMPLICIT_RETAIN_SELF = YES;
				CLANG_WARN_OBJC_LITERAL_CONVERSION = YES;
				CLANG_WARN_OBJC_ROOT_CLASS = YES_ERROR;
				CLANG_WARN_RANGE_LOOP_ANALYSIS = YES;
				CLANG_WARN_STRICT_PROTOTYPES = YES;
				CLANG_WARN_SUSPICIOUS_MOVE = YES;
				CLANG_WARN_SUSPICIOUS_MOVES = YES;
				CLANG_WARN_UNREACHABLE_CODE = YES;
				CLANG_WARN__DUPLICATE_METHOD_MATCH = YES;
				CODE_SIGN_IDENTITY = "-";
				COPY_PHASE_STRIP = NO;
				DEBUG_INFORMATION_FORMAT = "dwarf-with-dsym";
				ENABLE_NS_ASSERTIONS = NO;
				ENABLE_STRICT_OBJC_MSGSEND = YES;
				GCC_C_LANGUAGE_STANDARD = gnu99;
				GCC_NO_COMMON_BLOCKS = YES;
				GCC_WARN_64_TO_32_BIT_CONVERSION = YES;
				GCC_WARN_ABOUT_RETURN_TYPE = YES_ERROR;
				GCC_WARN_UNDECLARED_SELECTOR = YES;
				GCC_WARN_UNINITIALIZED_AUTOS = YES_AGGRESSIVE;
				GCC_WARN_UNUSED_FUNCTION = YES;
				GCC_WARN_UNUSED_VARIABLE = YES;
				MACOSX_DEPLOYMENT_TARGET = 10.11;
				MTL_ENABLE_DEBUG_INFO = NO;
				SDKROOT = macosx;
			};
			name = Release;
		};
		559B23F01D7EBDA300937AB3 /* Debug */ = {
			isa = XCBuildConfiguration;
			baseConfigurationReference = 55BCFFF71D801362000EDB05 /* config.xcconfig */;
			buildSettings = {
				ASSETCATALOG_COMPILER_APPICON_NAME = AppIcon;
				CODE_SIGN_ENTITLEMENTS = XcodeClangFormat/XcodeClangFormat.entitlements;
				CODE_SIGN_IDENTITY = "Mac Developer";
				COMBINE_HIDPI_IMAGES = YES;
				DEVELOPMENT_TEAM = "";
				INFOPLIST_FILE = XcodeClangFormat/Info.plist;
				LD_RUNPATH_SEARCH_PATHS = "$(inherited) @executable_path/../Frameworks";
				PRODUCT_BUNDLE_IDENTIFIER = com.mapbox.XcodeClangFormat;
				PRODUCT_NAME = "$(TARGET_NAME)";
			};
			name = Debug;
		};
		559B23F11D7EBDA300937AB3 /* Release */ = {
			isa = XCBuildConfiguration;
			baseConfigurationReference = 55BCFFF71D801362000EDB05 /* config.xcconfig */;
			buildSettings = {
				ASSETCATALOG_COMPILER_APPICON_NAME = AppIcon;
				CODE_SIGN_ENTITLEMENTS = XcodeClangFormat/XcodeClangFormat.entitlements;
				CODE_SIGN_IDENTITY = "Mac Developer";
				COMBINE_HIDPI_IMAGES = YES;
				DEVELOPMENT_TEAM = "";
				INFOPLIST_FILE = XcodeClangFormat/Info.plist;
				LD_RUNPATH_SEARCH_PATHS = "$(inherited) @executable_path/../Frameworks";
				PRODUCT_BUNDLE_IDENTIFIER = com.mapbox.XcodeClangFormat;
				PRODUCT_NAME = "$(TARGET_NAME)";
			};
			name = Release;
		};
		559B241F1D7EBDC400937AB3 /* Debug */ = {
			isa = XCBuildConfiguration;
			baseConfigurationReference = 55BCFFF71D801362000EDB05 /* config.xcconfig */;
			buildSettings = {
				CODE_SIGN_ENTITLEMENTS = "clang-format/clang_format.entitlements";
				CODE_SIGN_IDENTITY = "Mac Developer";
				COMBINE_HIDPI_IMAGES = YES;
				DEAD_CODE_STRIPPING = YES;
				DEVELOPMENT_ASSET_PATHS = "";
				DEVELOPMENT_TEAM = "";
				GCC_ENABLE_CPP_EXCEPTIONS = NO;
				GCC_ENABLE_CPP_RTTI = NO;
				GCC_GENERATE_DEBUGGING_SYMBOLS = NO;
				GCC_OPTIMIZATION_LEVEL = 3;
				GCC_SYMBOLS_PRIVATE_EXTERN = YES;
				INFOPLIST_FILE = "clang-format/Info.plist";
				LD_RUNPATH_SEARCH_PATHS = "$(inherited) @executable_path/../Frameworks @executable_path/../../../../Frameworks";
				LIBRARY_SEARCH_PATHS = (
					"$(inherited)",
					"$(PROJECT_DIR)/deps/clang-9.0.0/lib",
				);
				MACOSX_DEPLOYMENT_TARGET = 10.11;
				OTHER_CPLUSPLUSFLAGS = (
					"$(LLVM_CXXFLAGS)",
					"$(OTHER_CFLAGS)",
				);
				OTHER_LDFLAGS = (
					"$(LLVM_LIBDIR)/libclangFormat.a",
					"$(LLVM_LIBDIR)/libclangToolingCore.a",
					"$(LLVM_LIBDIR)/libclangLex.a",
					"$(LLVM_LIBDIR)/libclangBasic.a",
					"$(LLVM_LIBDIR)/libclangRewrite.a",
					"$(LLVM_LIBDIR)/libLLVMCore.a",
					"$(LLVM_LIBDIR)/libLLVMSupport.a",
				);
				PRODUCT_BUNDLE_IDENTIFIER = "com.mapbox.XcodeClangFormat.clang-format";
				PRODUCT_NAME = "$(TARGET_NAME)";
				SKIP_INSTALL = YES;
				STRIP_STYLE = all;
			};
			name = Debug;
		};
		559B24201D7EBDC400937AB3 /* Release */ = {
			isa = XCBuildConfiguration;
			baseConfigurationReference = 55BCFFF71D801362000EDB05 /* config.xcconfig */;
			buildSettings = {
				CODE_SIGN_ENTITLEMENTS = "clang-format/clang_format.entitlements";
				CODE_SIGN_IDENTITY = "Mac Developer";
				COMBINE_HIDPI_IMAGES = YES;
				DEAD_CODE_STRIPPING = YES;
				DEVELOPMENT_ASSET_PATHS = "";
				DEVELOPMENT_TEAM = "";
				GCC_ENABLE_CPP_EXCEPTIONS = NO;
				GCC_ENABLE_CPP_RTTI = NO;
				GCC_GENERATE_DEBUGGING_SYMBOLS = NO;
				GCC_OPTIMIZATION_LEVEL = 3;
				GCC_SYMBOLS_PRIVATE_EXTERN = YES;
				INFOPLIST_FILE = "clang-format/Info.plist";
				LD_RUNPATH_SEARCH_PATHS = "$(inherited) @executable_path/../Frameworks @executable_path/../../../../Frameworks";
				LIBRARY_SEARCH_PATHS = (
					"$(inherited)",
					"$(PROJECT_DIR)/deps/clang-9.0.0/lib",
				);
				MACOSX_DEPLOYMENT_TARGET = 10.11;
				OTHER_CPLUSPLUSFLAGS = (
					"$(LLVM_CXXFLAGS)",
					"$(OTHER_CFLAGS)",
				);
				OTHER_LDFLAGS = (
					"$(LLVM_LIBDIR)/libclangFormat.a",
					"$(LLVM_LIBDIR)/libclangToolingCore.a",
					"$(LLVM_LIBDIR)/libclangLex.a",
					"$(LLVM_LIBDIR)/libclangBasic.a",
					"$(LLVM_LIBDIR)/libclangRewrite.a",
					"$(LLVM_LIBDIR)/libLLVMCore.a",
					"$(LLVM_LIBDIR)/libLLVMSupport.a",
				);
				PRODUCT_BUNDLE_IDENTIFIER = "com.mapbox.XcodeClangFormat.clang-format";
				PRODUCT_NAME = "$(TARGET_NAME)";
				SKIP_INSTALL = YES;
				STRIP_STYLE = all;
			};
			name = Release;
		};
/* End XCBuildConfiguration section */

/* Begin XCConfigurationList section */
		559B23D91D7EBDA300937AB3 /* Build configuration list for PBXProject "XcodeClangFormat" */ = {
			isa = XCConfigurationList;
			buildConfigurations = (
				559B23ED1D7EBDA300937AB3 /* Debug */,
				559B23EE1D7EBDA300937AB3 /* Release */,
			);
			defaultConfigurationIsVisible = 0;
			defaultConfigurationName = Release;
		};
		559B23EF1D7EBDA300937AB3 /* Build configuration list for PBXNativeTarget "XcodeClangFormat" */ = {
			isa = XCConfigurationList;
			buildConfigurations = (
				559B23F01D7EBDA300937AB3 /* Debug */,
				559B23F11D7EBDA300937AB3 /* Release */,
			);
			defaultConfigurationIsVisible = 0;
			defaultConfigurationName = Release;
		};
		559B241E1D7EBDC400937AB3 /* Build configuration list for PBXNativeTarget "clang-format" */ = {
			isa = XCConfigurationList;
			buildConfigurations = (
				559B241F1D7EBDC400937AB3 /* Debug */,
				559B24201D7EBDC400937AB3 /* Release */,
			);
			defaultConfigurationIsVisible = 0;
			defaultConfigurationName = Release;
		};
/* End XCConfigurationList section */
	};
	rootObject = 559B23D61D7EBDA300937AB3 /* Project object */;
}
